
Microsoft Visual Studio Solution File, Format Version 12.00
# Visual Studio 15
VisualStudioVersion = 15.0.26730.10
MinimumVisualStudioVersion = 10.0.40219.1
Project("{FAE04EC0-301F-11D3-BF4B-00C04F79EFBC}") = "ConsoleApp", "ConsoleApp\ConsoleApp.csproj", "{1BCDBF8F-E8AD-4362-ABC4-C568421646A6}"
EndProject
Project("{FAE04EC0-301F-11D3-BF4B-00C04F79EFBC}") = "DTO", "DTO\DTO.csproj", "{A30624AA-BE87-40F3-9A51-86693D14B0D9}"
EndProject
Project("{FAE04EC0-301F-11D3-BF4B-00C04F79EFBC}") = "DAL", "DAL\DAL.csproj", "{8CCCCEF8-7A18-440B-80CC-D8E0C8412DAB}"
EndProject
Project("{FAE04EC0-301F-11D3-BF4B-00C04F79EFBC}") = "BLL", "BLL\BLL.csproj", "{0928685F-864F-40CE-AD24-0785A5574783}"
EndProject
Project("{FAE04EC0-301F-11D3-BF4B-00C04F79EFBC}") = "WebApplication", "WebApplication\WebApplication.csproj", "{400C3B8F-4D2C-4579-89A9-D4CC3AD60620}"
EndProject
Global
	GlobalSection(SolutionConfigurationPlatforms) = preSolution
		Debug|Any CPU = Debug|Any CPU
		Release|Any CPU = Release|Any CPU
	EndGlobalSection
	GlobalSection(ProjectConfigurationPlatforms) = postSolution
		{1BCDBF8F-E8AD-4362-ABC4-C568421646A6}.Debug|Any CPU.ActiveCfg = Debug|Any CPU
		{1BCDBF8F-E8AD-4362-ABC4-C568421646A6}.Debug|Any CPU.Build.0 = Debug|Any CPU
		{1BCDBF8F-E8AD-4362-ABC4-C568421646A6}.Release|Any CPU.ActiveCfg = Release|Any CPU
		{1BCDBF8F-E8AD-4362-ABC4-C568421646A6}.Release|Any CPU.Build.0 = Release|Any CPU
		{A30624AA-BE87-40F3-9A51-86693D14B0D9}.Debug|Any CPU.ActiveCfg = Debug|Any CPU
		{A30624AA-BE87-40F3-9A51-86693D14B0D9}.Debug|Any CPU.Build.0 = Debug|Any CPU
		{A30624AA-BE87-40F3-9A51-86693D14B0D9}.Release|Any CPU.ActiveCfg = Release|Any CPU
		{A30624AA-BE87-40F3-9A51-86693D14B0D9}.Release|Any CPU.Build.0 = Release|Any CPU
		{8CCCCEF8-7A18-440B-80CC-D8E0C8412DAB}.Debug|Any CPU.ActiveCfg = Debug|Any CPU
		{8CCCCEF8-7A18-440B-80CC-D8E0C8412DAB}.Debug|Any CPU.Build.0 = Debug|Any CPU
		{8CCCCEF8-7A18-440B-80CC-D8E0C8412DAB}.Release|Any CPU.ActiveCfg = Release|Any CPU
		{8CCCCEF8-7A18-440B-80CC-D8E0C8412DAB}.Release|Any CPU.Build.0 = Release|Any CPU
		{0928685F-864F-40CE-AD24-0785A5574783}.Debug|Any CPU.ActiveCfg = Debug|Any CPU
		{0928685F-864F-40CE-AD24-0785A5574783}.Debug|Any CPU.Build.0 = Debug|Any CPU
		{0928685F-864F-40CE-AD24-0785A5574783}.Release|Any CPU.ActiveCfg = Release|Any CPU
		{0928685F-864F-40CE-AD24-0785A5574783}.Release|Any CPU.Build.0 = Release|Any CPU
		{400C3B8F-4D2C-4579-89A9-D4CC3AD60620}.Debug|Any CPU.ActiveCfg = Debug|Any CPU
		{400C3B8F-4D2C-4579-89A9-D4CC3AD60620}.Debug|Any CPU.Build.0 = Debug|Any CPU
		{400C3B8F-4D2C-4579-89A9-D4CC3AD60620}.Release|Any CPU.ActiveCfg = Release|Any CPU
		{400C3B8F-4D2C-4579-89A9-D4CC3AD60620}.Release|Any CPU.Build.0 = Release|Any CPU
	EndGlobalSection
	GlobalSection(SolutionProperties) = preSolution
		HideSolutionNode = FALSE
	EndGlobalSection
	GlobalSection(ExtensibilityGlobals) = postSolution
		SolutionGuid = {237C95E8-6438-4A2C-BD92-5E1295890E49}
	EndGlobalSection
EndGlobal
